# This file is automatically @generated by Cargo.
# It is not intended for manual editing.
version = 3

[[package]]
name = "GSL"
version = "6.0.0"
source = "registry+https://github.com/rust-lang/crates.io-index"
checksum = "c9becaf6d7d1ba36a457288e661fa6a0472e8328629276f45369eafcd48ef1ce"
dependencies = [
 "GSL-sys",
 "paste",
]

[[package]]
name = "GSL-sys"
version = "3.0.0"
source = "registry+https://github.com/rust-lang/crates.io-index"
checksum = "4577670dcc0720995dc39f04c438595eaae8ccc27f4aafd3e572dd408d01bd9d"
dependencies = [
 "libc",
 "pkg-config",
]

[[package]]
name = "aligned-array"
version = "1.0.1"
source = "registry+https://github.com/rust-lang/crates.io-index"
checksum = "e05c92d086290f52938013f6242ac62bf7d401fab8ad36798a609faa65c3fd2c"
dependencies = [
 "generic-array",
 "subtle",
]

[[package]]
name = "aligned-cmov"
version = "2.3.0"
dependencies = [
 "aligned-array",
 "generic-array",
]

[[package]]
name = "balanced-tree-index"
version = "2.3.0"
dependencies = [
 "aligned-cmov",
 "rand_core",
]

[[package]]
name = "generic-array"
version = "0.14.6"
source = "registry+https://github.com/rust-lang/crates.io-index"
checksum = "bff49e947297f3312447abdca79f45f4738097cc82b06e72054d2223f601f1b9"
dependencies = [
 "typenum",
 "version_check",
]

[[package]]
name = "libc"
version = "0.2.140"
source = "registry+https://github.com/rust-lang/crates.io-index"
checksum = "99227334921fae1a979cf0bfdfcc6b3e5ce376ef57e16fb6fb3ea2ed6095f80c"

[[package]]
name = "mc-oblivious-ram"
version = "2.3.0"
dependencies = [
 "aligned-cmov",
 "balanced-tree-index",
 "mc-oblivious-traits",
 "rand_core",
]

[[package]]
name = "mc-oblivious-traits"
version = "2.3.0"
dependencies = [
 "aligned-cmov",
 "balanced-tree-index",
 "rand_core",
]

[[package]]
name = "no-asm-tests"
version = "2.3.0"
dependencies = [
 "GSL",
 "aligned-cmov",
 "balanced-tree-index",
 "mc-oblivious-ram",
 "mc-oblivious-traits",
 "test-helper",
]

[[package]]
name = "paste"
version = "1.0.12"
source = "registry+https://github.com/rust-lang/crates.io-index"
checksum = "9f746c4065a8fa3fe23974dd82f15431cc8d40779821001404d10d2e79ca7d79"

[[package]]
name = "pkg-config"
version = "0.3.26"
source = "registry+https://github.com/rust-lang/crates.io-index"
checksum = "6ac9a59f73473f1b8d852421e59e64809f025994837ef743615c6d0c5b305160"

[[package]]
name = "rand_core"
version = "0.6.4"
source = "registry+https://github.com/rust-lang/crates.io-index"
checksum = "ec0be4795e2f6a28069bec0b5ff3e2ac9bafc99e6a9a7dc3547996c5c816922c"

[[package]]
name = "rand_hc"
version = "0.3.1"
source = "registry+https://github.com/rust-lang/crates.io-index"
checksum = "d51e9f596de227fda2ea6c84607f5558e196eeaf43c986b724ba4fb8fdf497e7"
dependencies = [
 "rand_core",
]

[[package]]
name = "subtle"
version = "2.5.0"
source = "registry+https://github.com/rust-lang/crates.io-index"
checksum = "81cdd64d312baedb58e21336b31bc043b77e01cc99033ce76ef539f78e965ebc"

[[package]]
name = "test-helper"
version = "2.3.0"
dependencies = [
 "aligned-array",
 "aligned-cmov",
 "rand_core",
 "rand_hc",
]

[[package]]
name = "typenum"
version = "1.16.0"
source = "registry+https://github.com/rust-lang/crates.io-index"
checksum = "497961ef93d974e23eb6f433eb5fe1b7930b659f06d12dec6fc44a8f554c0bba"

[[package]]
name = "version_check"
version = "0.9.4"
source = "registry+https://github.com/rust-lang/crates.io-index"
checksum = "49874b5167b65d7193b8aba1567f5c7d93d001cafc34600cee003eda787e483f"
